{
  "version": 4,
  "terraform_version": "1.0.11",
  "serial": 26,
  "lineage": "c2a5716d-4c31-49ab-cfaa-f78b1e06d5e9",
  "outputs": {
    "ip_address_first": {
      "value": [
        "10.0.20.124"
      ],
      "type": [
        "list",
        "string"
      ]
    },
    "ip_addresss_second": {
      "value": [
        "10.0.20.119"
      ],
      "type": [
        "list",
        "string"
      ]
    }
  },
  "resources": [
    {
      "mode": "data",
      "type": "xenorchestra_network",
      "name": "network",
      "provider": "provider[\"registry.terraform.io/terra-farm/xenorchestra\"]",
      "instances": [
        {
          "schema_version": 0,
          "attributes": {
            "bridge": "xapi1",
            "id": "a19bfa38-95df-4e30-5d06-76877f0bb3d2",
            "name_label": "50 - ShopNet",
            "pool_id": "ba902d91-787b-ee8b-cc59-a9469c85020e"
          },
          "sensitive_attributes": []
        }
      ]
    },
    {
      "mode": "data",
      "type": "xenorchestra_pool",
      "name": "pool",
      "provider": "provider[\"registry.terraform.io/terra-farm/xenorchestra\"]",
      "instances": [
        {
          "schema_version": 0,
          "attributes": {
            "cpus": {
              "cores": "24",
              "sockets": "2"
            },
            "description": "",
            "id": "ba902d91-787b-ee8b-cc59-a9469c85020e",
            "master": "136f9c9d-01ef-4351-8920-ab542eff785d",
            "name_label": "xcp-ng-01"
          },
          "sensitive_attributes": []
        }
      ]
    },
    {
      "mode": "data",
      "type": "xenorchestra_sr",
      "name": "sr",
      "provider": "provider[\"registry.terraform.io/terra-farm/xenorchestra\"]",
      "instances": [
        {
          "schema_version": 0,
          "attributes": {
            "container": "136f9c9d-01ef-4351-8920-ab542eff785d",
            "id": "e5ded8fd-b11a-7554-5983-5dcb1442a07d",
            "name_label": "Local storage",
            "physical_usage": 649416671232,
            "pool_id": "ba902d91-787b-ee8b-cc59-a9469c85020e",
            "size": 955076575232,
            "sr_type": "lvm",
            "tags": null,
            "usage": 686691450880,
            "uuid": "e5ded8fd-b11a-7554-5983-5dcb1442a07d"
          },
          "sensitive_attributes": []
        }
      ]
    },
    {
      "mode": "data",
      "type": "xenorchestra_template",
      "name": "vm_template",
      "provider": "provider[\"registry.terraform.io/terra-farm/xenorchestra\"]",
      "instances": [
        {
          "schema_version": 0,
          "attributes": {
            "id": "8473d021-eda6-45d8-063e-0bfff6430749",
            "name_label": "Ubuntu 20.04",
            "pool_id": null,
            "uuid": "8473d021-eda6-45d8-063e-0bfff6430749"
          },
          "sensitive_attributes": []
        }
      ]
    },
    {
      "mode": "managed",
      "type": "random_id",
      "name": "server",
      "provider": "provider[\"registry.terraform.io/hashicorp/random\"]",
      "instances": [
        {
          "schema_version": 0,
          "attributes": {
            "b64_std": "aZo=",
            "b64_url": "aZo",
            "byte_length": 2,
            "dec": "27034",
            "hex": "699a",
            "id": "aZo",
            "keepers": null,
            "prefix": null
          },
          "sensitive_attributes": [],
          "private": "bnVsbA=="
        }
      ]
    },
    {
      "mode": "managed",
      "type": "random_id",
      "name": "server2",
      "provider": "provider[\"registry.terraform.io/hashicorp/random\"]",
      "instances": [
        {
          "schema_version": 0,
          "attributes": {
            "b64_std": "frY=",
            "b64_url": "frY",
            "byte_length": 2,
            "dec": "32438",
            "hex": "7eb6",
            "id": "frY",
            "keepers": null,
            "prefix": null
          },
          "sensitive_attributes": [],
          "private": "bnVsbA=="
        }
      ]
    },
    {
      "mode": "managed",
      "type": "xenorchestra_cloud_config",
      "name": "bar",
      "provider": "provider[\"registry.terraform.io/terra-farm/xenorchestra\"]",
      "instances": [
        {
          "schema_version": 0,
          "attributes": {
            "id": "63210216-3582-4ccd-b807-270033d884d7",
            "name": "cloud config name",
            "template": "#cloud-config\r\n\r\nruncmd:\r\n - [ ls, -l, / ]\r\n - [ sh, -xc, \"echo $(date) ': hello world!'\" ]\r\n - [ sh, -c, echo \"=========hello world'=========\" ]\r\n - ls -l /root\r\n - touch /home/dylan/test.txt\r\n"
          },
          "sensitive_attributes": [],
          "private": "bnVsbA=="
        }
      ]
    },
    {
      "mode": "managed",
      "type": "xenorchestra_vm",
      "name": "first",
      "provider": "provider[\"registry.terraform.io/terra-farm/xenorchestra\"]",
      "instances": [
        {
          "schema_version": 0,
          "attributes": {
            "affinity_host": "",
            "auto_poweron": false,
            "cdrom": [],
            "cloud_config": null,
            "cloud_network_config": null,
            "core_os": false,
            "cpu_cap": 0,
            "cpu_weight": 0,
            "cpus": 1,
            "disk": [
              {
                "attached": true,
                "name_description": "",
                "name_label": "VM root volume",
                "position": "0",
                "size": 50214207488,
                "sr_id": "e5ded8fd-b11a-7554-5983-5dcb1442a07d",
                "vbd_id": "7488c0fb-032f-50d3-ff5e-156ed1bfadd5",
                "vdi_id": "5f3465fe-ebeb-4c7b-a03a-a72e127fbf29"
              }
            ],
            "high_availability": "",
            "id": "70c2d882-e96e-61fe-ca5e-ad71aea2d9e0",
            "installation_method": null,
            "ipv4_addresses": [
              "10.0.20.124"
            ],
            "ipv6_addresses": [
              "fe80::a8cf:3fff:fe64:9690"
            ],
            "memory_max": 2147467264,
            "name_description": "",
            "name_label": "XO terraform tutorial - 699a",
            "network": [
              {
                "attached": true,
                "device": "0",
                "ipv4_addresses": [
                  "10.0.20.124"
                ],
                "ipv6_addresses": [
                  "fe80::a8cf:3fff:fe64:9690"
                ],
                "mac_address": "aa:cf:3f:64:96:90",
                "network_id": "a19bfa38-95df-4e30-5d06-76877f0bb3d2"
              }
            ],
            "power_state": "Running",
            "resource_set": "",
            "tags": [],
            "template": "8473d021-eda6-45d8-063e-0bfff6430749",
            "timeouts": null,
            "wait_for_ip": false
          },
          "sensitive_attributes": [],
          "private": "eyJlMmJmYjczMC1lY2FhLTExZTYtOGY4OC0zNDM2M2JjN2M0YzAiOnsiY3JlYXRlIjozMDAwMDAwMDAwMDAsImRlbGV0ZSI6MzAwMDAwMDAwMDAwLCJ1cGRhdGUiOjMwMDAwMDAwMDAwMH19",
          "dependencies": [
            "data.xenorchestra_network.network",
            "data.xenorchestra_sr.sr",
            "data.xenorchestra_template.vm_template",
            "random_id.server"
          ]
        }
      ]
    },
    {
      "mode": "managed",
      "type": "xenorchestra_vm",
      "name": "second",
      "provider": "provider[\"registry.terraform.io/terra-farm/xenorchestra\"]",
      "instances": [
        {
          "schema_version": 0,
          "attributes": {
            "affinity_host": "",
            "auto_poweron": false,
            "cdrom": [],
            "cloud_config": null,
            "cloud_network_config": null,
            "core_os": false,
            "cpu_cap": 0,
            "cpu_weight": 0,
            "cpus": 1,
            "disk": [
              {
                "attached": true,
                "name_description": "",
                "name_label": "VM root volume",
                "position": "0",
                "size": 50214207488,
                "sr_id": "e5ded8fd-b11a-7554-5983-5dcb1442a07d",
                "vbd_id": "df74c6e5-b255-6ebb-a3e7-2fc36c6e3a18",
                "vdi_id": "dcecd7f6-ac4e-4620-ad2a-3a63348d7333"
              }
            ],
            "high_availability": "",
            "id": "9509fb9f-29a3-92d7-25b7-1e696423de48",
            "installation_method": null,
            "ipv4_addresses": [
              "10.0.20.119"
            ],
            "ipv6_addresses": [
              "fe80::d088:2fff:fec7:15de"
            ],
            "memory_max": 2147467264,
            "name_description": "",
            "name_label": "XO terraform tutorial - 7eb6",
            "network": [
              {
                "attached": true,
                "device": "0",
                "ipv4_addresses": [
                  "10.0.20.119"
                ],
                "ipv6_addresses": [
                  "fe80::d088:2fff:fec7:15de"
                ],
                "mac_address": "d2:88:2f:c7:15:de",
                "network_id": "a19bfa38-95df-4e30-5d06-76877f0bb3d2"
              }
            ],
            "power_state": "Running",
            "resource_set": "",
            "tags": [],
            "template": "8473d021-eda6-45d8-063e-0bfff6430749",
            "timeouts": null,
            "wait_for_ip": false
          },
          "sensitive_attributes": [],
          "private": "eyJlMmJmYjczMC1lY2FhLTExZTYtOGY4OC0zNDM2M2JjN2M0YzAiOnsiY3JlYXRlIjozMDAwMDAwMDAwMDAsImRlbGV0ZSI6MzAwMDAwMDAwMDAwLCJ1cGRhdGUiOjMwMDAwMDAwMDAwMH19",
          "dependencies": [
            "data.xenorchestra_network.network",
            "data.xenorchestra_sr.sr",
            "data.xenorchestra_template.vm_template",
            "random_id.server2"
          ]
        }
      ]
    }
  ]
}
